dependencies:
- name: common
  repository: https://bjw-s.github.io/helm-charts
  version: 3.5.1
- name: replicated
  repository: oci://registry.replicated.com/library
  version: 1.0.0-beta.31
digest: sha256:28f641dd0388e4e2f179216f077c0060e0464b5e73d5ad062761db9175deb10a
generated: "2024-11-19T17:27:06.594058-05:00"
