dependencies:
- name: common
  repository: https://bjw-s.github.io/helm-charts
  version: 3.1.0
- name: replicated
  repository: oci://registry.replicated.com/library
  version: 1.0.0-beta.26
digest: sha256:36d1e27a511a0564be6e3129fec995bb806aa259c230748d33bd71269bd7e6e5
generated: "2024-08-02T13:48:55.137396-04:00"
