dependencies:
- name: replicated
  repository: oci://registry.replicated.com/library
  version: 1.19.0
- name: nfs-server
  repository: https://charts.obeone.cloud
  version: 1.1.2
- name: garage
  repository: ""
  version: 0.2.0
- name: rqlite
  repository: https://rqlite.github.io/helm-charts
  version: 2.0.0
digest: sha256:da408016f29b374be98a7ebafdf59463fe76125812dcef5e5ae26472f6a52360
generated: "2026-04-06T06:28:37.482261889Z"
