dependencies:
- name: replicated
  repository: oci://registry.replicated.com/library
  version: 1.18.2
- name: nfs-server
  repository: https://charts.obeone.cloud
  version: 1.1.2
- name: garage
  repository: ""
  version: 0.2.0
- name: rqlite
  repository: https://rqlite.github.io/helm-charts
  version: 2.0.0
digest: sha256:c38626bffcb6d4aac7e0634fcd71fd60695ae5a87c7636a04e28b63348832865
generated: "2026-03-31T18:54:24.551281967Z"
