dependencies:
- name: ingress-nginx
  repository: https://kubernetes.github.io/ingress-nginx
  version: 4.11.3
- name: replicated
  repository: oci://registry.replicated.com/library
  version: 1.1.1
digest: sha256:6dd6d2b307511c54683f36157c6763aa55b9913b2717972e55feb6ef007797a0
generated: "2025-03-05T13:09:57.471411+11:00"
