dependencies:
- name: ingress-nginx
  repository: https://kubernetes.github.io/ingress-nginx
  version: 4.15.1
- name: replicated
  repository: oci://registry.replicated.com/library
  version: 1.19.3
digest: sha256:7858b98e1a306e4503b455615274e38c52e839eef2a97ca6fe050693e6cf644c
generated: "2026-04-28T15:02:42.943476096Z"
