dependencies:
- name: replicated
  repository: oci://registry.replicated.com/library
  version: 1.0.0-beta.32
- name: cassandra
  repository: https://charts.bitnami.com/bitnami
  version: 12.0.5
digest: sha256:b84ed4fa3a096c7a97b6ed26cbeddf0ed93f517cb6d4acd69831df69fb1df5cc
generated: "2024-12-09T14:32:04.086522-05:00"
