dependencies:
- name: common
  repository: https://bjw-s-labs.github.io/helm-charts
  version: 3.7.3
- name: templates
  repository: file://../templates
  version: 1.1.0
- name: replicated
  repository: oci://registry.replicated.com/library
  version: 1.19.4
digest: sha256:3a1a20416ae4fabce51bba6f06757194f05d5d906ffa8cf9678992bec052d5f6
generated: "2026-05-18T09:41:06.532324828Z"
