dependencies:
- name: common
  repository: https://bjw-s-labs.github.io/helm-charts
  version: 4.6.2
- name: templates
  repository: file://../templates
  version: 1.1.0
- name: replicated
  repository: oci://registry.replicated.com/library
  version: 1.18.0
digest: sha256:20db4d3d88b64f30639fe438f7bbac4eb0fe963078002160519dc58b6fa36766
generated: "2026-04-27T07:11:34.153999947Z"
