dependencies:
- name: common
  repository: https://bjw-s-labs.github.io/helm-charts
  version: 3.7.3
- name: templates
  repository: file://../templates
  version: 1.1.0
- name: replicated
  repository: oci://registry.replicated.com/library
  version: 1.16.0
digest: sha256:5370f364086a8743fd2aca9559f6effbd2a0d87eb793d31c3938360e82cd8bf3
generated: "2026-02-24T13:52:16.626819-05:00"
