dependencies:
- name: valkey
  repository: https://valkey.io/valkey-helm/
  version: 0.9.3
- name: replicated
  repository: oci://registry.replicated.com/library
  version: 1.5.0
digest: sha256:6e44d5c25555519ee569bdf55f299ace76c0526905e713f7952922ef1d86764b
generated: "2026-02-10T15:18:07.845051-05:00"
