dependencies:
- name: valkey
  repository: https://valkey.io/valkey-helm/
  version: 0.9.3
- name: replicated
  repository: oci://registry.replicated.com/library
  version: 1.19.1
digest: sha256:5a4414075ecbcc663ca2ba198ee8b23790e4bb97194133627d80a1d4655c6d81
generated: "2026-04-13T06:30:16.961214989Z"
