dependencies:
- name: valkey
  repository: https://valkey.io/valkey-helm/
  version: 0.9.3
- name: replicated
  repository: oci://registry.replicated.com/library
  version: 1.19.2
digest: sha256:431cfef2ca8f316cbb7239d960d56422c95379c4acf85d4161fcb4e7269c0cdf
generated: "2026-04-20T06:40:30.970365488Z"
