dependencies:
- name: codimd
  repository: https://helm.codimd.dev
  version: 0.1.11
- name: postgresql
  repository: https://charts.bitnami.com/bitnami
  version: 16.6.3
- name: redis
  repository: https://charts.bitnami.com/bitnami
  version: 20.12.0
digest: sha256:2353530504c2cda6b794ae845f903048b449c7afc3620fd4a2751c5d4d2e741e
generated: "2025-04-15T15:03:08.499669-04:00"
