dependencies:
- name: cloudnative-pg
  repository: https://cloudnative-pg.github.io/charts
  version: 0.23.0
- name: operator
  repository: https://operator.min.io/
  version: 7.0.0
digest: sha256:1cc4b5c1157967ffa197326b1ecb1331c164b649ff8dc987584e7400f2c71d73
generated: "2025-02-09T00:40:29.792212-05:00"
