dependencies:
- name: cloudnative-pg
  repository: https://cloudnative-pg.github.io/charts
  version: 0.21.2
- name: operator
  repository: https://operator.min.io/
  version: 5.0.15
digest: sha256:5b12374f3685717296763374504bb944e17653bd37b3242a48b1550e2ad5b484
generated: "2024-07-18T11:42:24.113804-04:00"
