dependencies:
- name: replicated
  repository: oci://chart.slackernews.io/library
  version: 1.0.0-beta.12
- name: tenant
  repository: https://operator.min.io/
  version: 5.0.15
digest: sha256:117bfe22c60193d2e877da93604e55f964e0daddc98a7c10013bb2201efcdea7
generated: "2024-05-16T16:14:41.906622-04:00"
