dependencies:
- name: common
  repository: https://bjw-s.github.io/helm-charts
  version: 3.1.0
- name: cloudnative-pg
  repository: https://cloudnative-pg.github.io/charts
  version: 0.21.2
- name: replicated
  repository: oci://registry.replicated.com/library
  version: 1.0.0-beta.20
digest: sha256:a56e30f50b170a6fcc934640d57efcb2e7b7bdccc8ba56c72f4425f2cb4f62a1
generated: "2024-05-22T16:50:12.228331-04:00"
