dependencies:
- name: valkey
  repository: https://valkey.io/valkey-helm/
  version: 0.9.3
- name: replicated
  repository: oci://registry.replicated.com/library
  version: 1.17.1
digest: sha256:6bbdf549325a7ca07ac2adf48a6204ed262eeeefca2bc885ba5576e34ab0a3b5
generated: "2026-03-06T14:46:06.741846-06:00"
